
Microsoft Visual Studio Solution File, Format Version 12.00
# Visual Studio Version 17
VisualStudioVersion = 17.13.36105.23 d17.13
MinimumVisualStudioVersion = 10.0.40219.1
Project("{FAE04EC0-301F-11D3-BF4B-00C04F79EFBC}") = "RecordingApp", "RecordingApp.csproj", "{03EC07C9-DD59-4770-8AFE-E4969CDFACDA}"
EndProject
Global
	GlobalSection(SolutionConfigurationPlatforms) = preSolution
		Debug|Any CPU = Debug|Any CPU
		Release|Any CPU = Release|Any CPU
	EndGlobalSection
	GlobalSection(ProjectConfigurationPlatforms) = postSolution
		{03EC07C9-DD59-4770-8AFE-E4969CDFACDA}.Debug|Any CPU.ActiveCfg = Debug|Any CPU
		{03EC07C9-DD59-4770-8AFE-E4969CDFACDA}.Debug|Any CPU.Build.0 = Debug|Any CPU
		{03EC07C9-DD59-4770-8AFE-E4969CDFACDA}.Release|Any CPU.ActiveCfg = Release|Any CPU
		{03EC07C9-DD59-4770-8AFE-E4969CDFACDA}.Release|Any CPU.Build.0 = Release|Any CPU
	EndGlobalSection
	GlobalSection(SolutionProperties) = preSolution
		HideSolutionNode = FALSE
	EndGlobalSection
	GlobalSection(ExtensibilityGlobals) = postSolution
		SolutionGuid = {9D2F7D0D-896C-4DFC-A79B-42D02AF08093}
	EndGlobalSection
EndGlobal
